
Microsoft Visual Studio Solution File, Format Version 12.00
# Visual Studio Version 16
VisualStudioVersion = 25.0.1705.3
MinimumVisualStudioVersion = 10.0.40219.1
Project("{FAE04EC0-301F-11D3-BF4B-00C04F79EFBC}") = "WarsztatyAI", "WarsztatyAI\WarsztatyAI.csproj", "{76660EA0-5688-4145-8507-14C1EE02F8CC}"
EndProject
Global
	GlobalSection(SolutionConfigurationPlatforms) = preSolution
		Debug|Any CPU = Debug|Any CPU
		Release|Any CPU = Release|Any CPU
	EndGlobalSection
	GlobalSection(ProjectConfigurationPlatforms) = postSolution
		{76660EA0-5688-4145-8507-14C1EE02F8CC}.Debug|Any CPU.ActiveCfg = Debug|Any CPU
		{76660EA0-5688-4145-8507-14C1EE02F8CC}.Debug|Any CPU.Build.0 = Debug|Any CPU
		{76660EA0-5688-4145-8507-14C1EE02F8CC}.Release|Any CPU.ActiveCfg = Release|Any CPU
		{76660EA0-5688-4145-8507-14C1EE02F8CC}.Release|Any CPU.Build.0 = Release|Any CPU
	EndGlobalSection
	GlobalSection(SolutionProperties) = preSolution
		HideSolutionNode = FALSE
	EndGlobalSection
	GlobalSection(ExtensibilityGlobals) = postSolution
		SolutionGuid = {40F0ECFA-3AB5-4822-B5BE-0E1F50B632D0}
	EndGlobalSection
EndGlobal
